
Microsoft Visual Studio Solution File, Format Version 12.00
# Visual Studio Version 17
VisualStudioVersion = 17.3.32929.385
MinimumVisualStudioVersion = 10.0.40219.1
Project("{FAE04EC0-301F-11D3-BF4B-00C04F79EFBC}") = "ProdajaNekretnina", "ProdajaNekretnina\ProdajaNekretnina.csproj", "{81E08893-3647-4F5F-BEA0-6553E59FB32A}"
EndProject
Project("{FAE04EC0-301F-11D3-BF4B-00C04F79EFBC}") = "ProdajaNekretnina.Model", "ProdajaNekretnina.Model\ProdajaNekretnina.Model.csproj", "{28219ED6-DD79-4829-9CE5-518A2CEB61CF}"
EndProject
Project("{FAE04EC0-301F-11D3-BF4B-00C04F79EFBC}") = "ProdajaNekretnina.Services", "ProdajaNekretnina.Services\ProdajaNekretnina.Services.csproj", "{6E31CC20-D202-46C0-86F3-B0C8483AADD0}"
EndProject
Project("{FAE04EC0-301F-11D3-BF4B-00C04F79EFBC}") = "ProdajaNekretnina.MailSender", "ProdajaNekretnina.MailSender\ProdajaNekretnina.MailSender.csproj", "{06952A9A-7C70-4CA0-8995-E3F8061F1DE6}"
EndProject
Project("{FAE04EC0-301F-11D3-BF4B-00C04F79EFBC}") = "ProdajaNekretnina.MailPublisher", "ProdajaNekretnina.MailPublisher\ProdajaNekretnina.MailPublisher.csproj", "{2BCC1F83-9B19-4F8A-90AF-C2F589F492F3}"
EndProject
Project("{FAE04EC0-301F-11D3-BF4B-00C04F79EFBC}") = "RabbitMQConsumer", "RabbitMQConsumer\RabbitMQConsumer.csproj", "{F60EB043-842B-46F8-AEB7-E68F1EACC10A}"
EndProject
Global
	GlobalSection(SolutionConfigurationPlatforms) = preSolution
		Debug|Any CPU = Debug|Any CPU
		Release|Any CPU = Release|Any CPU
	EndGlobalSection
	GlobalSection(ProjectConfigurationPlatforms) = postSolution
		{81E08893-3647-4F5F-BEA0-6553E59FB32A}.Debug|Any CPU.ActiveCfg = Debug|Any CPU
		{81E08893-3647-4F5F-BEA0-6553E59FB32A}.Debug|Any CPU.Build.0 = Debug|Any CPU
		{81E08893-3647-4F5F-BEA0-6553E59FB32A}.Release|Any CPU.ActiveCfg = Release|Any CPU
		{81E08893-3647-4F5F-BEA0-6553E59FB32A}.Release|Any CPU.Build.0 = Release|Any CPU
		{28219ED6-DD79-4829-9CE5-518A2CEB61CF}.Debug|Any CPU.ActiveCfg = Debug|Any CPU
		{28219ED6-DD79-4829-9CE5-518A2CEB61CF}.Debug|Any CPU.Build.0 = Debug|Any CPU
		{28219ED6-DD79-4829-9CE5-518A2CEB61CF}.Release|Any CPU.ActiveCfg = Release|Any CPU
		{28219ED6-DD79-4829-9CE5-518A2CEB61CF}.Release|Any CPU.Build.0 = Release|Any CPU
		{6E31CC20-D202-46C0-86F3-B0C8483AADD0}.Debug|Any CPU.ActiveCfg = Debug|Any CPU
		{6E31CC20-D202-46C0-86F3-B0C8483AADD0}.Debug|Any CPU.Build.0 = Debug|Any CPU
		{6E31CC20-D202-46C0-86F3-B0C8483AADD0}.Release|Any CPU.ActiveCfg = Release|Any CPU
		{6E31CC20-D202-46C0-86F3-B0C8483AADD0}.Release|Any CPU.Build.0 = Release|Any CPU
		{06952A9A-7C70-4CA0-8995-E3F8061F1DE6}.Debug|Any CPU.ActiveCfg = Debug|Any CPU
		{06952A9A-7C70-4CA0-8995-E3F8061F1DE6}.Debug|Any CPU.Build.0 = Debug|Any CPU
		{06952A9A-7C70-4CA0-8995-E3F8061F1DE6}.Release|Any CPU.ActiveCfg = Release|Any CPU
		{06952A9A-7C70-4CA0-8995-E3F8061F1DE6}.Release|Any CPU.Build.0 = Release|Any CPU
		{2BCC1F83-9B19-4F8A-90AF-C2F589F492F3}.Debug|Any CPU.ActiveCfg = Debug|Any CPU
		{2BCC1F83-9B19-4F8A-90AF-C2F589F492F3}.Debug|Any CPU.Build.0 = Debug|Any CPU
		{2BCC1F83-9B19-4F8A-90AF-C2F589F492F3}.Release|Any CPU.ActiveCfg = Release|Any CPU
		{2BCC1F83-9B19-4F8A-90AF-C2F589F492F3}.Release|Any CPU.Build.0 = Release|Any CPU
		{F60EB043-842B-46F8-AEB7-E68F1EACC10A}.Debug|Any CPU.ActiveCfg = Debug|Any CPU
		{F60EB043-842B-46F8-AEB7-E68F1EACC10A}.Debug|Any CPU.Build.0 = Debug|Any CPU
		{F60EB043-842B-46F8-AEB7-E68F1EACC10A}.Release|Any CPU.ActiveCfg = Release|Any CPU
		{F60EB043-842B-46F8-AEB7-E68F1EACC10A}.Release|Any CPU.Build.0 = Release|Any CPU
	EndGlobalSection
	GlobalSection(SolutionProperties) = preSolution
		HideSolutionNode = FALSE
	EndGlobalSection
	GlobalSection(ExtensibilityGlobals) = postSolution
		SolutionGuid = {D0E0E415-A221-40D2-8E20-77334E9AE0AF}
	EndGlobalSection
EndGlobal
